
Microsoft Visual Studio Solution File, Format Version 12.00
# Visual Studio 2012
Project("{8BC9CEB8-8B4A-11D0-8D11-00A0C91BC942}") = "HakuRake2", "HakuRake2\HakuRake2.vcxproj", "{37491D58-B1C2-497D-AD32-387B21D17618}"
EndProject
Global
	GlobalSection(SolutionConfigurationPlatforms) = preSolution
		Debug|Win32 = Debug|Win32
		Release|Win32 = Release|Win32
	EndGlobalSection
	GlobalSection(ProjectConfigurationPlatforms) = postSolution
		{37491D58-B1C2-497D-AD32-387B21D17618}.Debug|Win32.ActiveCfg = Debug|Win32
		{37491D58-B1C2-497D-AD32-387B21D17618}.Debug|Win32.Build.0 = Debug|Win32
		{37491D58-B1C2-497D-AD32-387B21D17618}.Release|Win32.ActiveCfg = Release|Win32
		{37491D58-B1C2-497D-AD32-387B21D17618}.Release|Win32.Build.0 = Release|Win32
	EndGlobalSection
	GlobalSection(SolutionProperties) = preSolution
		HideSolutionNode = FALSE
	EndGlobalSection
EndGlobal
